
Microsoft Visual Studio Solution File, Format Version 12.00
# Visual Studio 2013
VisualStudioVersion = 12.0.21005.1
MinimumVisualStudioVersion = 10.0.40219.1
Project("{E24C65DC-7377-472B-9ABA-BC803B73C61A}") = "Starbucks", "http://localhost:39739", "{D89028E8-8CD7-4BC5-B5E0-14BB1B0C94FE}"
	ProjectSection(WebsiteProperties) = preProject
		UseIISExpress = "true"
		TargetFrameworkMoniker = ".NETFramework,Version%3Dv4.0"
		Debug.AspNetCompiler.VirtualPath = "/localhost_39739"
		Debug.AspNetCompiler.PhysicalPath = "D:\Projects\Server App\Starbucks\"
		Debug.AspNetCompiler.TargetPath = "PrecompiledWeb\localhost_39739\"
		Debug.AspNetCompiler.Updateable = "true"
		Debug.AspNetCompiler.ForceOverwrite = "true"
		Debug.AspNetCompiler.FixedNames = "false"
		Debug.AspNetCompiler.Debug = "True"
		Release.AspNetCompiler.VirtualPath = "/localhost_39739"
		Release.AspNetCompiler.PhysicalPath = "D:\Projects\Server App\Starbucks\"
		Release.AspNetCompiler.TargetPath = "PrecompiledWeb\localhost_39739\"
		Release.AspNetCompiler.Updateable = "true"
		Release.AspNetCompiler.ForceOverwrite = "true"
		Release.AspNetCompiler.FixedNames = "false"
		Release.AspNetCompiler.Debug = "False"
		SlnRelativePath = "D:\Projects\Server App\Starbucks\"
		DefaultWebSiteLanguage = "Visual C#"
	EndProjectSection
EndProject
Project("{E24C65DC-7377-472B-9ABA-BC803B73C61A}") = "StarbucksUI", "http://localhost:38429", "{199200D3-06F8-4F7A-8B59-EDD739B8B91D}"
	ProjectSection(WebsiteProperties) = preProject
		UseIISExpress = "true"
		TargetFrameworkMoniker = ".NETFramework,Version%3Dv4.0"
		Debug.AspNetCompiler.VirtualPath = "/localhost_38429"
		Debug.AspNetCompiler.PhysicalPath = "D:\Projects\Server App\StarbucksUI\"
		Debug.AspNetCompiler.TargetPath = "PrecompiledWeb\localhost_38429\"
		Debug.AspNetCompiler.Updateable = "true"
		Debug.AspNetCompiler.ForceOverwrite = "true"
		Debug.AspNetCompiler.FixedNames = "false"
		Debug.AspNetCompiler.Debug = "True"
		Release.AspNetCompiler.VirtualPath = "/localhost_38429"
		Release.AspNetCompiler.PhysicalPath = "D:\Projects\Server App\StarbucksUI\"
		Release.AspNetCompiler.TargetPath = "PrecompiledWeb\localhost_38429\"
		Release.AspNetCompiler.Updateable = "true"
		Release.AspNetCompiler.ForceOverwrite = "true"
		Release.AspNetCompiler.FixedNames = "false"
		Release.AspNetCompiler.Debug = "False"
		SlnRelativePath = "D:\Projects\Server App\StarbucksUI\"
	EndProjectSection
	ProjectSection(ProjectDependencies) = postProject
		{D89028E8-8CD7-4BC5-B5E0-14BB1B0C94FE} = {D89028E8-8CD7-4BC5-B5E0-14BB1B0C94FE}
	EndProjectSection
EndProject
Global
	GlobalSection(SolutionConfigurationPlatforms) = preSolution
		Debug|Any CPU = Debug|Any CPU
	EndGlobalSection
	GlobalSection(ProjectConfigurationPlatforms) = postSolution
		{D89028E8-8CD7-4BC5-B5E0-14BB1B0C94FE}.Debug|Any CPU.ActiveCfg = Debug|Any CPU
		{D89028E8-8CD7-4BC5-B5E0-14BB1B0C94FE}.Debug|Any CPU.Build.0 = Debug|Any CPU
		{199200D3-06F8-4F7A-8B59-EDD739B8B91D}.Debug|Any CPU.ActiveCfg = Debug|Any CPU
		{199200D3-06F8-4F7A-8B59-EDD739B8B91D}.Debug|Any CPU.Build.0 = Debug|Any CPU
	EndGlobalSection
	GlobalSection(SolutionProperties) = preSolution
		HideSolutionNode = FALSE
	EndGlobalSection
EndGlobal
